
Microsoft Visual Studio Solution File, Format Version 12.00
# Visual Studio Version 16
VisualStudioVersion = 16.0.30907.101
MinimumVisualStudioVersion = 10.0.40219.1
Project("{F184B08F-C81C-45F6-A57F-5ABD9991F28F}") = "Tareas", "Tarea1\Tareas.vbproj", "{71138E4D-9E25-4A9B-BCB5-E61897D37EBE}"
EndProject
Global
	GlobalSection(SolutionConfigurationPlatforms) = preSolution
		Debug|Any CPU = Debug|Any CPU
		Release|Any CPU = Release|Any CPU
	EndGlobalSection
	GlobalSection(ProjectConfigurationPlatforms) = postSolution
		{71138E4D-9E25-4A9B-BCB5-E61897D37EBE}.Debug|Any CPU.ActiveCfg = Debug|Any CPU
		{71138E4D-9E25-4A9B-BCB5-E61897D37EBE}.Debug|Any CPU.Build.0 = Debug|Any CPU
		{71138E4D-9E25-4A9B-BCB5-E61897D37EBE}.Release|Any CPU.ActiveCfg = Release|Any CPU
		{71138E4D-9E25-4A9B-BCB5-E61897D37EBE}.Release|Any CPU.Build.0 = Release|Any CPU
	EndGlobalSection
	GlobalSection(SolutionProperties) = preSolution
		HideSolutionNode = FALSE
	EndGlobalSection
	GlobalSection(ExtensibilityGlobals) = postSolution
		SolutionGuid = {C72DFA98-0C88-4FC5-8E34-86608364A12F}
	EndGlobalSection
EndGlobal
